
Microsoft Visual Studio Solution File, Format Version 12.00
# Visual Studio Version 16
VisualStudioVersion = 16.0.29306.81
MinimumVisualStudioVersion = 10.0.40219.1
Project("{2150E333-8FDC-42A3-9474-1A3956D46DE8}") = "01. Clients", "01. Clients", "{18D5AE78-17AB-4756-B139-EAF989F3AECC}"
EndProject
Project("{2150E333-8FDC-42A3-9474-1A3956D46DE8}") = "02. Models", "02. Models", "{AEA4C4A5-1410-4B10-8989-72649FAEF721}"
EndProject
Project("{9A19103F-16F7-4668-BE54-9A1E7A4F7556}") = "ConsoleClient", "src\ConsoleClient\ConsoleClient.csproj", "{7004EABE-B003-447C-B0CF-EC8FD44BDA67}"
EndProject
Project("{9A19103F-16F7-4668-BE54-9A1E7A4F7556}") = "Models", "src\Models\Models.csproj", "{12A6B965-6EC4-419A-B584-50E5EA7AACB9}"
EndProject
Project("{2150E333-8FDC-42A3-9474-1A3956D46DE8}") = "03. Services", "03. Services", "{61CC4FF6-F7A0-408F-B42E-FFBAB7C60A36}"
EndProject
Project("{9A19103F-16F7-4668-BE54-9A1E7A4F7556}") = "Services", "src\Services\Services.csproj", "{2DE4338D-4348-4D51-AB60-87B4488908D0}"
EndProject
Project("{2150E333-8FDC-42A3-9474-1A3956D46DE8}") = "06. Common", "06. Common", "{0DF639F8-49CE-4E47-A507-D395DD5A915A}"
EndProject
Project("{9A19103F-16F7-4668-BE54-9A1E7A4F7556}") = "Common", "src\Common\Common.csproj", "{3E987B4B-B8EE-494D-8F21-830C97E1C2C9}"
EndProject
Project("{2150E333-8FDC-42A3-9474-1A3956D46DE8}") = "04. UnitOfWork", "04. UnitOfWork", "{C7EFF3D4-3BF7-4D0A-804D-C11A181A21BA}"
EndProject
Project("{2150E333-8FDC-42A3-9474-1A3956D46DE8}") = "05. Repository", "05. Repository", "{B6562BED-C211-4B9E-8B5F-3E87C01C9963}"
EndProject
Project("{9A19103F-16F7-4668-BE54-9A1E7A4F7556}") = "UnitOfWork.Interfaces", "src\UnitOfWork.Interfaces\UnitOfWork.Interfaces.csproj", "{89D39144-2BD4-451B-9407-69ED076C856E}"
EndProject
Project("{9A19103F-16F7-4668-BE54-9A1E7A4F7556}") = "UnitOfWork.SqlServer", "src\UnitOfWork.SqlServer\UnitOfWork.SqlServer.csproj", "{7B1A5658-7890-4C04-B844-D028BE5E5E4A}"
EndProject
Project("{9A19103F-16F7-4668-BE54-9A1E7A4F7556}") = "Repository.Interfaces", "src\Repository.Interfaces\Repository.Interfaces.csproj", "{D67FB62C-F377-4490-A352-0FC09F029C9A}"
EndProject
Project("{9A19103F-16F7-4668-BE54-9A1E7A4F7556}") = "Repository.SqlServer", "src\Repository.SqlServer\Repository.SqlServer.csproj", "{5B668A86-F27D-4631-A222-EC4C136A1106}"
EndProject
Project("{FAE04EC0-301F-11D3-BF4B-00C04F79EFBC}") = "AspNetClient", "src\AspNetClient\AspNetClient.csproj", "{165EC0F4-DCA6-4C2A-B001-F3887E251AA5}"
EndProject
Global
	GlobalSection(SolutionConfigurationPlatforms) = preSolution
		Debug|Any CPU = Debug|Any CPU
		Release|Any CPU = Release|Any CPU
	EndGlobalSection
	GlobalSection(ProjectConfigurationPlatforms) = postSolution
		{7004EABE-B003-447C-B0CF-EC8FD44BDA67}.Debug|Any CPU.ActiveCfg = Debug|Any CPU
		{7004EABE-B003-447C-B0CF-EC8FD44BDA67}.Debug|Any CPU.Build.0 = Debug|Any CPU
		{7004EABE-B003-447C-B0CF-EC8FD44BDA67}.Release|Any CPU.ActiveCfg = Release|Any CPU
		{7004EABE-B003-447C-B0CF-EC8FD44BDA67}.Release|Any CPU.Build.0 = Release|Any CPU
		{12A6B965-6EC4-419A-B584-50E5EA7AACB9}.Debug|Any CPU.ActiveCfg = Debug|Any CPU
		{12A6B965-6EC4-419A-B584-50E5EA7AACB9}.Debug|Any CPU.Build.0 = Debug|Any CPU
		{12A6B965-6EC4-419A-B584-50E5EA7AACB9}.Release|Any CPU.ActiveCfg = Release|Any CPU
		{12A6B965-6EC4-419A-B584-50E5EA7AACB9}.Release|Any CPU.Build.0 = Release|Any CPU
		{2DE4338D-4348-4D51-AB60-87B4488908D0}.Debug|Any CPU.ActiveCfg = Debug|Any CPU
		{2DE4338D-4348-4D51-AB60-87B4488908D0}.Debug|Any CPU.Build.0 = Debug|Any CPU
		{2DE4338D-4348-4D51-AB60-87B4488908D0}.Release|Any CPU.ActiveCfg = Release|Any CPU
		{2DE4338D-4348-4D51-AB60-87B4488908D0}.Release|Any CPU.Build.0 = Release|Any CPU
		{3E987B4B-B8EE-494D-8F21-830C97E1C2C9}.Debug|Any CPU.ActiveCfg = Debug|Any CPU
		{3E987B4B-B8EE-494D-8F21-830C97E1C2C9}.Debug|Any CPU.Build.0 = Debug|Any CPU
		{3E987B4B-B8EE-494D-8F21-830C97E1C2C9}.Release|Any CPU.ActiveCfg = Release|Any CPU
		{3E987B4B-B8EE-494D-8F21-830C97E1C2C9}.Release|Any CPU.Build.0 = Release|Any CPU
		{89D39144-2BD4-451B-9407-69ED076C856E}.Debug|Any CPU.ActiveCfg = Debug|Any CPU
		{89D39144-2BD4-451B-9407-69ED076C856E}.Debug|Any CPU.Build.0 = Debug|Any CPU
		{89D39144-2BD4-451B-9407-69ED076C856E}.Release|Any CPU.ActiveCfg = Release|Any CPU
		{89D39144-2BD4-451B-9407-69ED076C856E}.Release|Any CPU.Build.0 = Release|Any CPU
		{7B1A5658-7890-4C04-B844-D028BE5E5E4A}.Debug|Any CPU.ActiveCfg = Debug|Any CPU
		{7B1A5658-7890-4C04-B844-D028BE5E5E4A}.Debug|Any CPU.Build.0 = Debug|Any CPU
		{7B1A5658-7890-4C04-B844-D028BE5E5E4A}.Release|Any CPU.ActiveCfg = Release|Any CPU
		{7B1A5658-7890-4C04-B844-D028BE5E5E4A}.Release|Any CPU.Build.0 = Release|Any CPU
		{D67FB62C-F377-4490-A352-0FC09F029C9A}.Debug|Any CPU.ActiveCfg = Debug|Any CPU
		{D67FB62C-F377-4490-A352-0FC09F029C9A}.Debug|Any CPU.Build.0 = Debug|Any CPU
		{D67FB62C-F377-4490-A352-0FC09F029C9A}.Release|Any CPU.ActiveCfg = Release|Any CPU
		{D67FB62C-F377-4490-A352-0FC09F029C9A}.Release|Any CPU.Build.0 = Release|Any CPU
		{5B668A86-F27D-4631-A222-EC4C136A1106}.Debug|Any CPU.ActiveCfg = Debug|Any CPU
		{5B668A86-F27D-4631-A222-EC4C136A1106}.Debug|Any CPU.Build.0 = Debug|Any CPU
		{5B668A86-F27D-4631-A222-EC4C136A1106}.Release|Any CPU.ActiveCfg = Release|Any CPU
		{5B668A86-F27D-4631-A222-EC4C136A1106}.Release|Any CPU.Build.0 = Release|Any CPU
		{165EC0F4-DCA6-4C2A-B001-F3887E251AA5}.Debug|Any CPU.ActiveCfg = Debug|Any CPU
		{165EC0F4-DCA6-4C2A-B001-F3887E251AA5}.Debug|Any CPU.Build.0 = Debug|Any CPU
		{165EC0F4-DCA6-4C2A-B001-F3887E251AA5}.Release|Any CPU.ActiveCfg = Release|Any CPU
		{165EC0F4-DCA6-4C2A-B001-F3887E251AA5}.Release|Any CPU.Build.0 = Release|Any CPU
	EndGlobalSection
	GlobalSection(SolutionProperties) = preSolution
		HideSolutionNode = FALSE
	EndGlobalSection
	GlobalSection(NestedProjects) = preSolution
		{7004EABE-B003-447C-B0CF-EC8FD44BDA67} = {18D5AE78-17AB-4756-B139-EAF989F3AECC}
		{12A6B965-6EC4-419A-B584-50E5EA7AACB9} = {AEA4C4A5-1410-4B10-8989-72649FAEF721}
		{2DE4338D-4348-4D51-AB60-87B4488908D0} = {61CC4FF6-F7A0-408F-B42E-FFBAB7C60A36}
		{3E987B4B-B8EE-494D-8F21-830C97E1C2C9} = {0DF639F8-49CE-4E47-A507-D395DD5A915A}
		{89D39144-2BD4-451B-9407-69ED076C856E} = {C7EFF3D4-3BF7-4D0A-804D-C11A181A21BA}
		{7B1A5658-7890-4C04-B844-D028BE5E5E4A} = {C7EFF3D4-3BF7-4D0A-804D-C11A181A21BA}
		{D67FB62C-F377-4490-A352-0FC09F029C9A} = {B6562BED-C211-4B9E-8B5F-3E87C01C9963}
		{5B668A86-F27D-4631-A222-EC4C136A1106} = {B6562BED-C211-4B9E-8B5F-3E87C01C9963}
		{165EC0F4-DCA6-4C2A-B001-F3887E251AA5} = {18D5AE78-17AB-4756-B139-EAF989F3AECC}
	EndGlobalSection
	GlobalSection(ExtensibilityGlobals) = postSolution
		SolutionGuid = {0A548895-5CAB-4DB4-B115-E740587AC4FE}
	EndGlobalSection
EndGlobal
